
Microsoft Visual Studio Solution File, Format Version 12.00
# Visual Studio for Mac
Project("{FAE04EC0-301F-11D3-BF4B-00C04F79EFBC}") = "Assembly-CSharp", "Assembly-CSharp.csproj", "{A5B31D9B-D2FA-C3A9-D283-D188E5E4209E}"
EndProject
Project("{FAE04EC0-301F-11D3-BF4B-00C04F79EFBC}") = "Assembly-CSharp-Editor", "Assembly-CSharp-Editor.csproj", "{3E40B98A-20FB-55F8-4BBD-B7A7F4803261}"
EndProject
Global
	GlobalSection(SolutionConfigurationPlatforms) = preSolution
		Debug|Any CPU = Debug|Any CPU
		Release|Any CPU = Release|Any CPU
	EndGlobalSection
	GlobalSection(ProjectConfigurationPlatforms) = postSolution
		{A5B31D9B-D2FA-C3A9-D283-D188E5E4209E}.Debug|Any CPU.ActiveCfg = Debug|Any CPU
		{A5B31D9B-D2FA-C3A9-D283-D188E5E4209E}.Debug|Any CPU.Build.0 = Debug|Any CPU
		{A5B31D9B-D2FA-C3A9-D283-D188E5E4209E}.Release|Any CPU.ActiveCfg = Release|Any CPU
		{A5B31D9B-D2FA-C3A9-D283-D188E5E4209E}.Release|Any CPU.Build.0 = Release|Any CPU
		{3E40B98A-20FB-55F8-4BBD-B7A7F4803261}.Debug|Any CPU.ActiveCfg = Debug|Any CPU
		{3E40B98A-20FB-55F8-4BBD-B7A7F4803261}.Debug|Any CPU.Build.0 = Debug|Any CPU
		{3E40B98A-20FB-55F8-4BBD-B7A7F4803261}.Release|Any CPU.ActiveCfg = Release|Any CPU
		{3E40B98A-20FB-55F8-4BBD-B7A7F4803261}.Release|Any CPU.Build.0 = Release|Any CPU
	EndGlobalSection
	GlobalSection(SolutionProperties) = preSolution
		HideSolutionNode = FALSE
	EndGlobalSection
EndGlobal
